// !$*UTF8*$!
{
	archiveVersion = 1;
	classes = {
	};
	objectVersion = 50;
	objects = {

/* Begin PBXBuildFile section */
		8D80C39623E0862D003FAEA6 /* AppDelegate.swift in Sources */ = {isa = PBXBuildFile; fileRef = 8D80C39523E0862D003FAEA6 /* AppDelegate.swift */; };
		8D80C39823E0862D003FAEA6 /* SceneDelegate.swift in Sources */ = {isa = PBXBuildFile; fileRef = 8D80C39723E0862D003FAEA6 /* SceneDelegate.swift */; };
		8D80C39A23E0862D003FAEA6 /* MainViewController.swift in Sources */ = {isa = PBXBuildFile; fileRef = 8D80C39923E0862D003FAEA6 /* MainViewController.swift */; };
		8D80C39F23E08631003FAEA6 /* Assets.xcassets in Resources */ = {isa = PBXBuildFile; fileRef = 8D80C39E23E08631003FAEA6 /* Assets.xcassets */; };
		8D80C3A223E08631003FAEA6 /* LaunchScreen.storyboard in Resources */ = {isa = PBXBuildFile; fileRef = 8D80C3A023E08631003FAEA6 /* LaunchScreen.storyboard */; };
		8D80C3AA23E08FD9003FAEA6 /* SettingsViewController.swift in Sources */ = {isa = PBXBuildFile; fileRef = 8D80C3A923E08FD9003FAEA6 /* SettingsViewController.swift */; };
		8D80C3AC23E09AEA003FAEA6 /* MainView.swift in Sources */ = {isa = PBXBuildFile; fileRef = 8D80C3AB23E09AEA003FAEA6 /* MainView.swift */; };
		8D80C3AE23E0BD82003FAEA6 /* SettingsView.swift in Sources */ = {isa = PBXBuildFile; fileRef = 8D80C3AD23E0BD82003FAEA6 /* SettingsView.swift */; };
/* End PBXBuildFile section */

/* Begin PBXFileReference section */
		8D80C39223E0862D003FAEA6 /* Prigrammatic-UI.app */ = {isa = PBXFileReference; explicitFileType = wrapper.application; includeInIndex = 0; path = "Prigrammatic-UI.app"; sourceTree = BUILT_PRODUCTS_DIR; };
		8D80C39523E0862D003FAEA6 /* AppDelegate.swift */ = {isa = PBXFileReference; lastKnownFileType = sourcecode.swift; path = AppDelegate.swift; sourceTree = "<group>"; };
		8D80C39723E0862D003FAEA6 /* SceneDelegate.swift */ = {isa = PBXFileReference; lastKnownFileType = sourcecode.swift; path = SceneDelegate.swift; sourceTree = "<group>"; };
		8D80C39923E0862D003FAEA6 /* MainViewController.swift */ = {isa = PBXFileReference; lastKnownFileType = sourcecode.swift; path = MainViewController.swift; sourceTree = "<group>"; };
		8D80C39E23E08631003FAEA6 /* Assets.xcassets */ = {isa = PBXFileReference; lastKnownFileType = folder.assetcatalog; path = Assets.xcassets; sourceTree = "<group>"; };
		8D80C3A123E08631003FAEA6 /* Base */ = {isa = PBXFileReference; lastKnownFileType = file.storyboard; name = Base; path = Base.lproj/LaunchScreen.storyboard; sourceTree = "<group>"; };
		8D80C3A323E08631003FAEA6 /* Info.plist */ = {isa = PBXFileReference; lastKnownFileType = text.plist.xml; path = Info.plist; sourceTree = "<group>"; };
		8D80C3A923E08FD9003FAEA6 /* SettingsViewController.swift */ = {isa = PBXFileReference; lastKnownFileType = sourcecode.swift; path = SettingsViewController.swift; sourceTree = "<group>"; };
		8D80C3AB23E09AEA003FAEA6 /* MainView.swift */ = {isa = PBXFileReference; lastKnownFileType = sourcecode.swift; path = MainView.swift; sourceTree = "<group>"; };
		8D80C3AD23E0BD82003FAEA6 /* SettingsView.swift */ = {isa = PBXFileReference; lastKnownFileType = sourcecode.swift; path = SettingsView.swift; sourceTree = "<group>"; };
/* End PBXFileReference section */

/* Begin PBXFrameworksBuildPhase section */
		8D80C38F23E0862D003FAEA6 /* Frameworks */ = {
			isa = PBXFrameworksBuildPhase;
			buildActionMask = 2147483647;
			files = (
			);
			runOnlyForDeploymentPostprocessing = 0;
		};
/* End PBXFrameworksBuildPhase section */

/* Begin PBXGroup section */
		8D80C38923E0862D003FAEA6 = {
			isa = PBXGroup;
			children = (
				8D80C39423E0862D003FAEA6 /* Prigrammatic-UI */,
				8D80C39323E0862D003FAEA6 /* Products */,
			);
			sourceTree = "<group>";
		};
		8D80C39323E0862D003FAEA6 /* Products */ = {
			isa = PBXGroup;
			children = (
				8D80C39223E0862D003FAEA6 /* Prigrammatic-UI.app */,
			);
			name = Products;
			sourceTree = "<group>";
		};
		8D80C39423E0862D003FAEA6 /* Prigrammatic-UI */ = {
			isa = PBXGroup;
			children = (
				8D80C39523E0862D003FAEA6 /* AppDelegate.swift */,
				8D80C39723E0862D003FAEA6 /* SceneDelegate.swift */,
				8D80C39923E0862D003FAEA6 /* MainViewController.swift */,
				8D80C39E23E08631003FAEA6 /* Assets.xcassets */,
				8D80C3A023E08631003FAEA6 /* LaunchScreen.storyboard */,
				8D80C3A323E08631003FAEA6 /* Info.plist */,
				8D80C3A923E08FD9003FAEA6 /* SettingsViewController.swift */,
				8D80C3AB23E09AEA003FAEA6 /* MainView.swift */,
				8D80C3AD23E0BD82003FAEA6 /* SettingsView.swift */,
			);
			path = "Prigrammatic-UI";
			sourceTree = "<group>";
		};
/* End PBXGroup section */

/* Begin PBXNativeTarget section */
		8D80C39123E0862D003FAEA6 /* Prigrammatic-UI */ = {
			isa = PBXNativeTarget;
			buildConfigurationList = 8D80C3A623E08631003FAEA6 /* Build configuration list for PBXNativeTarget "Prigrammatic-UI" */;
			buildPhases = (
				8D80C38E23E0862D003FAEA6 /* Sources */,
				8D80C38F23E0862D003FAEA6 /* Frameworks */,
				8D80C39023E0862D003FAEA6 /* Resources */,
			);
			buildRules = (
			);
			dependencies = (
			);
			name = "Prigrammatic-UI";
			productName = "Prigrammatic-UI";
			productReference = 8D80C39223E0862D003FAEA6 /* Prigrammatic-UI.app */;
			productType = "com.apple.product-type.application";
		};
/* End PBXNativeTarget section */

/* Begin PBXProject section */
		8D80C38A23E0862D003FAEA6 /* Project object */ = {
			isa = PBXProject;
			attributes = {
				LastSwiftUpdateCheck = 1120;
				LastUpgradeCheck = 1120;
				ORGANIZATIONNAME = "Luba Kaper";
				TargetAttributes = {
					8D80C39123E0862D003FAEA6 = {
						CreatedOnToolsVersion = 11.2.1;
					};
				};
			};
			buildConfigurationList = 8D80C38D23E0862D003FAEA6 /* Build configuration list for PBXProject "Prigrammatic-UI" */;
			compatibilityVersion = "Xcode 9.3";
			developmentRegion = en;
			hasScannedForEncodings = 0;
			knownRegions = (
				en,
				Base,
			);
			mainGroup = 8D80C38923E0862D003FAEA6;
			productRefGroup = 8D80C39323E0862D003FAEA6 /* Products */;
			projectDirPath = "";
			projectRoot = "";
			targets = (
				8D80C39123E0862D003FAEA6 /* Prigrammatic-UI */,
			);
		};
/* End PBXProject section */

/* Begin PBXResourcesBuildPhase section */
		8D80C39023E0862D003FAEA6 /* Resources */ = {
			isa = PBXResourcesBuildPhase;
			buildActionMask = 2147483647;
			files = (
				8D80C3A223E08631003FAEA6 /* LaunchScreen.storyboard in Resources */,
				8D80C39F23E08631003FAEA6 /* Assets.xcassets in Resources */,
			);
			runOnlyForDeploymentPostprocessing = 0;
		};
/* End PBXResourcesBuildPhase section */

/* Begin PBXSourcesBuildPhase section */
		8D80C38E23E0862D003FAEA6 /* Sources */ = {
			isa = PBXSourcesBuildPhase;
			buildActionMask = 2147483647;
			files = (
				8D80C39A23E0862D003FAEA6 /* MainViewController.swift in Sources */,
				8D80C39623E0862D003FAEA6 /* AppDelegate.swift in Sources */,
				8D80C39823E0862D003FAEA6 /* SceneDelegate.swift in Sources */,
				8D80C3AE23E0BD82003FAEA6 /* SettingsView.swift in Sources */,
				8D80C3AC23E09AEA003FAEA6 /* MainView.swift in Sources */,
				8D80C3AA23E08FD9003FAEA6 /* SettingsViewController.swift in Sources */,
			);
			runOnlyForDeploymentPostprocessing = 0;
		};
/* End PBXSourcesBuildPhase section */

/* Begin PBXVariantGroup section */
		8D80C3A023E08631003FAEA6 /* LaunchScreen.storyboard */ = {
			isa = PBXVariantGroup;
			children = (
				8D80C3A123E08631003FAEA6 /* Base */,
			);
			name = LaunchScreen.storyboard;
			sourceTree = "<group>";
		};
/* End PBXVariantGroup section */

/* Begin XCBuildConfiguration section */
		8D80C3A423E08631003FAEA6 /* Debug */ = {
			isa = XCBuildConfiguration;
			buildSettings = {
				ALWAYS_SEARCH_USER_PATHS = NO;
				CLANG_ANALYZER_NONNULL = YES;
				CLANG_ANALYZER_NUMBER_OBJECT_CONVERSION = YES_AGGRESSIVE;
				CLANG_CXX_LANGUAGE_STANDARD = "gnu++14";
				CLANG_CXX_LIBRARY = "libc++";
				CLANG_ENABLE_MODULES = YES;
				CLANG_ENABLE_OBJC_ARC = YES;
				CLANG_ENABLE_OBJC_WEAK = YES;
				CLANG_WARN_BLOCK_CAPTURE_AUTORELEASING = YES;
				CLANG_WARN_BOOL_CONVERSION = YES;
				CLANG_WARN_COMMA = YES;
				CLANG_WARN_CONSTANT_CONVERSION = YES;
				CLANG_WARN_DEPRECATED_OBJC_IMPLEMENTATIONS = YES;
				CLANG_WARN_DIRECT_OBJC_ISA_USAGE = YES_ERROR;
				CLANG_WARN_DOCUMENTATION_COMMENTS = YES;
				CLANG_WARN_EMPTY_BODY = YES;
				CLANG_WARN_ENUM_CONVERSION = YES;
				CLANG_WARN_INFINITE_RECURSION = YES;
				CLANG_WARN_INT_CONVERSION = YES;
				CLANG_WARN_NON_LITERAL_NULL_CONVERSION = YES;
				CLANG_WARN_OBJC_IMPLICIT_RETAIN_SELF = YES;
				CLANG_WARN_OBJC_LITERAL_CONVERSION = YES;
				CLANG_WARN_OBJC_ROOT_CLASS = YES_ERROR;
				CLANG_WARN_RANGE_LOOP_ANALYSIS = YES;
				CLANG_WARN_STRICT_PROTOTYPES = YES;
				CLANG_WARN_SUSPICIOUS_MOVE = YES;
				CLANG_WARN_UNGUARDED_AVAILABILITY = YES_AGGRESSIVE;
				CLANG_WARN_UNREACHABLE_CODE = YES;
				CLANG_WARN__DUPLICATE_METHOD_MATCH = YES;
				COPY_PHASE_STRIP = NO;
				DEBUG_INFORMATION_FORMAT = dwarf;
				ENABLE_STRICT_OBJC_MSGSEND = YES;
				ENABLE_TESTABILITY = YES;
				GCC_C_LANGUAGE_STANDARD = gnu11;
				GCC_DYNAMIC_NO_PIC = NO;
				GCC_NO_COMMON_BLOCKS = YES;
				GCC_OPTIMIZATION_LEVEL = 0;
				GCC_PREPROCESSOR_DEFINITIONS = (
					"DEBUG=1",
					"$(inherited)",
				);
				GCC_WARN_64_TO_32_BIT_CONVERSION = YES;
				GCC_WARN_ABOUT_RETURN_TYPE = YES_ERROR;
				GCC_WARN_UNDECLARED_SELECTOR = YES;
				GCC_WARN_UNINITIALIZED_AUTOS = YES_AGGRESSIVE;
				GCC_WARN_UNUSED_FUNCTION = YES;
				GCC_WARN_UNUSED_VARIABLE = YES;
				IPHONEOS_DEPLOYMENT_TARGET = 13.2;
				MTL_ENABLE_DEBUG_INFO = INCLUDE_SOURCE;
				MTL_FAST_MATH = YES;
				ONLY_ACTIVE_ARCH = YES;
				SDKROOT = iphoneos;
				SWIFT_ACTIVE_COMPILATION_CONDITIONS = DEBUG;
				SWIFT_OPTIMIZATION_LEVEL = "-Onone";
			};
			name = Debug;
		};
		8D80C3A523E08631003FAEA6 /* Release */ = {
			isa = XCBuildConfiguration;
			buildSettings = {
				ALWAYS_SEARCH_USER_PATHS = NO;
				CLANG_ANALYZER_NONNULL = YES;
				CLANG_ANALYZER_NUMBER_OBJECT_CONVERSION = YES_AGGRESSIVE;
				CLANG_CXX_LANGUAGE_STANDARD = "gnu++14";
				CLANG_CXX_LIBRARY = "libc++";
				CLANG_ENABLE_MODULES = YES;
				CLANG_ENABLE_OBJC_ARC = YES;
				CLANG_ENABLE_OBJC_WEAK = YES;
				CLANG_WARN_BLOCK_CAPTURE_AUTORELEASING = YES;
				CLANG_WARN_BOOL_CONVERSION = YES;
				CLANG_WARN_COMMA = YES;
				CLANG_WARN_CONSTANT_CONVERSION = YES;
				CLANG_WARN_DEPRECATED_OBJC_IMPLEMENTATIONS = YES;
				CLANG_WARN_DIRECT_OBJC_ISA_USAGE = YES_ERROR;
				CLANG_WARN_DOCUMENTATION_COMMENTS = YES;
				CLANG_WARN_EMPTY_BODY = YES;
				CLANG_WARN_ENUM_CONVERSION = YES;
				CLANG_WARN_INFINITE_RECURSION = YES;
				CLANG_WARN_INT_CONVERSION = YES;
				CLANG_WARN_NON_LITERAL_NULL_CONVERSION = YES;
				CLANG_WARN_OBJC_IMPLICIT_RETAIN_SELF = YES;
				CLANG_WARN_OBJC_LITERAL_CONVERSION = YES;
				CLANG_WARN_OBJC_ROOT_CLASS = YES_ERROR;
				CLANG_WARN_RANGE_LOOP_ANALYSIS = YES;
				CLANG_WARN_STRICT_PROTOTYPES = YES;
				CLANG_WARN_SUSPICIOUS_MOVE = YES;
				CLANG_WARN_UNGUARDED_AVAILABILITY = YES_AGGRESSIVE;
				CLANG_WARN_UNREACHABLE_CODE = YES;
				CLANG_WARN__DUPLICATE_METHOD_MATCH = YES;
				COPY_PHASE_STRIP = NO;
				DEBUG_INFORMATION_FORMAT = "dwarf-with-dsym";
				ENABLE_NS_ASSERTIONS = NO;
				ENABLE_STRICT_OBJC_MSGSEND = YES;
				GCC_C_LANGUAGE_STANDARD = gnu11;
				GCC_NO_COMMON_BLOCKS = YES;
				GCC_WARN_64_TO_32_BIT_CONVERSION = YES;
				GCC_WARN_ABOUT_RETURN_TYPE = YES_ERROR;
				GCC_WARN_UNDECLARED_SELECTOR = YES;
				GCC_WARN_UNINITIALIZED_AUTOS = YES_AGGRESSIVE;
				GCC_WARN_UNUSED_FUNCTION = YES;
				GCC_WARN_UNUSED_VARIABLE = YES;
				IPHONEOS_DEPLOYMENT_TARGET = 13.2;
				MTL_ENABLE_DEBUG_INFO = NO;
				MTL_FAST_MATH = YES;
				SDKROOT = iphoneos;
				SWIFT_COMPILATION_MODE = wholemodule;
				SWIFT_OPTIMIZATION_LEVEL = "-O";
				VALIDATE_PRODUCT = YES;
			};
			name = Release;
		};
		8D80C3A723E08631003FAEA6 /* Debug */ = {
			isa = XCBuildConfiguration;
			buildSettings = {
				ASSETCATALOG_COMPILER_APPICON_NAME = AppIcon;
				CODE_SIGN_STYLE = Automatic;
				DEVELOPMENT_TEAM = CNV924Q9C2;
				INFOPLIST_FILE = "Prigrammatic-UI/Info.plist";
				LD_RUNPATH_SEARCH_PATHS = (
					"$(inherited)",
					"@executable_path/Frameworks",
				);
				PRODUCT_BUNDLE_IDENTIFIER = "com.lubakaper.Prigrammatic-UI";
				PRODUCT_NAME = "$(TARGET_NAME)";
				SWIFT_VERSION = 5.0;
				TARGETED_DEVICE_FAMILY = "1,2";
			};
			name = Debug;
		};
		8D80C3A823E08631003FAEA6 /* Release */ = {
			isa = XCBuildConfiguration;
			buildSettings = {
				ASSETCATALOG_COMPILER_APPICON_NAME = AppIcon;
				CODE_SIGN_STYLE = Automatic;
				DEVELOPMENT_TEAM = CNV924Q9C2;
				INFOPLIST_FILE = "Prigrammatic-UI/Info.plist";
				LD_RUNPATH_SEARCH_PATHS = (
					"$(inherited)",
					"@executable_path/Frameworks",
				);
				PRODUCT_BUNDLE_IDENTIFIER = "com.lubakaper.Prigrammatic-UI";
				PRODUCT_NAME = "$(TARGET_NAME)";
				SWIFT_VERSION = 5.0;
				TARGETED_DEVICE_FAMILY = "1,2";
			};
			name = Release;
		};
/* End XCBuildConfiguration section */

/* Begin XCConfigurationList section */
		8D80C38D23E0862D003FAEA6 /* Build configuration list for PBXProject "Prigrammatic-UI" */ = {
			isa = XCConfigurationList;
			buildConfigurations = (
				8D80C3A423E08631003FAEA6 /* Debug */,
				8D80C3A523E08631003FAEA6 /* Release */,
			);
			defaultConfigurationIsVisible = 0;
			defaultConfigurationName = Release;
		};
		8D80C3A623E08631003FAEA6 /* Build configuration list for PBXNativeTarget "Prigrammatic-UI" */ = {
			isa = XCConfigurationList;
			buildConfigurations = (
				8D80C3A723E08631003FAEA6 /* Debug */,
				8D80C3A823E08631003FAEA6 /* Release */,
			);
			defaultConfigurationIsVisible = 0;
			defaultConfigurationName = Release;
		};
/* End XCConfigurationList section */
	};
	rootObject = 8D80C38A23E0862D003FAEA6 /* Project object */;
}
